// !$*UTF8*$!
{
	archiveVersion = 1;
	classes = {
	};
	objectVersion = 52;
	objects = {

/* Begin PBXBuildFile section */
		602CAC1E2302201D00CC7236 /* Security.swift in Sources */ = {isa = PBXBuildFile; fileRef = 602CAC1D2302201D00CC7236 /* Security.swift */; };
		60864FDA2301B149009A3FE9 /* main.swift in Sources */ = {isa = PBXBuildFile; fileRef = 60864FD92301B149009A3FE9 /* main.swift */; };
		60864FEA230451FF009A3FE9 /* SQLite in Frameworks */ = {isa = PBXBuildFile; productRef = 60864FE9230451FF009A3FE9 /* SQLite */; };
		60864FEC23051BF0009A3FE9 /* ShortSqueezeDetector.swift in Sources */ = {isa = PBXBuildFile; fileRef = 60864FEB23051BF0009A3FE9 /* ShortSqueezeDetector.swift */; };
		60864FEF23051C73009A3FE9 /* Detector.swift in Sources */ = {isa = PBXBuildFile; fileRef = 60864FEE23051C73009A3FE9 /* Detector.swift */; };
		60864FF123077DDD009A3FE9 /* PatternDetector.swift in Sources */ = {isa = PBXBuildFile; fileRef = 60864FF023077DDD009A3FE9 /* PatternDetector.swift */; };
		608650022307C961009A3FE9 /* stock_predictor_test.swift in Sources */ = {isa = PBXBuildFile; fileRef = 608650012307C961009A3FE9 /* stock_predictor_test.swift */; };
		608650072307C9A2009A3FE9 /* PatternDetector+Test.swift in Sources */ = {isa = PBXBuildFile; fileRef = 60864FF92307C915009A3FE9 /* PatternDetector+Test.swift */; };
/* End PBXBuildFile section */

/* Begin PBXCopyFilesBuildPhase section */
		60864FD42301B149009A3FE9 /* CopyFiles */ = {
			isa = PBXCopyFilesBuildPhase;
			buildActionMask = 2147483647;
			dstPath = /usr/share/man/man1/;
			dstSubfolderSpec = 0;
			files = (
			);
			runOnlyForDeploymentPostprocessing = 1;
		};
/* End PBXCopyFilesBuildPhase section */

/* Begin PBXFileReference section */
		602CAC1D2302201D00CC7236 /* Security.swift */ = {isa = PBXFileReference; lastKnownFileType = sourcecode.swift; path = Security.swift; sourceTree = "<group>"; };
		60864FD62301B149009A3FE9 /* stock-predictor */ = {isa = PBXFileReference; explicitFileType = "compiled.mach-o.executable"; includeInIndex = 0; path = "stock-predictor"; sourceTree = BUILT_PRODUCTS_DIR; };
		60864FD92301B149009A3FE9 /* main.swift */ = {isa = PBXFileReference; lastKnownFileType = sourcecode.swift; path = main.swift; sourceTree = "<group>"; };
		60864FEB23051BF0009A3FE9 /* ShortSqueezeDetector.swift */ = {isa = PBXFileReference; lastKnownFileType = sourcecode.swift; path = ShortSqueezeDetector.swift; sourceTree = "<group>"; };
		60864FEE23051C73009A3FE9 /* Detector.swift */ = {isa = PBXFileReference; lastKnownFileType = sourcecode.swift; path = Detector.swift; sourceTree = "<group>"; };
		60864FF023077DDD009A3FE9 /* PatternDetector.swift */ = {isa = PBXFileReference; lastKnownFileType = sourcecode.swift; path = PatternDetector.swift; sourceTree = "<group>"; };
		60864FF92307C915009A3FE9 /* PatternDetector+Test.swift */ = {isa = PBXFileReference; lastKnownFileType = sourcecode.swift; path = "PatternDetector+Test.swift"; sourceTree = "<group>"; };
		60864FFF2307C961009A3FE9 /* stock-predictor-test.xctest */ = {isa = PBXFileReference; explicitFileType = wrapper.cfbundle; includeInIndex = 0; path = "stock-predictor-test.xctest"; sourceTree = BUILT_PRODUCTS_DIR; };
		608650012307C961009A3FE9 /* stock_predictor_test.swift */ = {isa = PBXFileReference; lastKnownFileType = sourcecode.swift; path = stock_predictor_test.swift; sourceTree = "<group>"; };
		608650032307C961009A3FE9 /* Info.plist */ = {isa = PBXFileReference; lastKnownFileType = text.plist.xml; path = Info.plist; sourceTree = "<group>"; };
/* End PBXFileReference section */

/* Begin PBXFrameworksBuildPhase section */
		60864FD32301B149009A3FE9 /* Frameworks */ = {
			isa = PBXFrameworksBuildPhase;
			buildActionMask = 2147483647;
			files = (
				60864FEA230451FF009A3FE9 /* SQLite in Frameworks */,
			);
			runOnlyForDeploymentPostprocessing = 0;
		};
		60864FFC2307C961009A3FE9 /* Frameworks */ = {
			isa = PBXFrameworksBuildPhase;
			buildActionMask = 2147483647;
			files = (
			);
			runOnlyForDeploymentPostprocessing = 0;
		};
/* End PBXFrameworksBuildPhase section */

/* Begin PBXGroup section */
		60864FCD2301B149009A3FE9 = {
			isa = PBXGroup;
			children = (
				60864FD82301B149009A3FE9 /* stock-predictor */,
				608650002307C961009A3FE9 /* stock-predictor-test */,
				60864FD72301B149009A3FE9 /* Products */,
			);
			sourceTree = "<group>";
		};
		60864FD72301B149009A3FE9 /* Products */ = {
			isa = PBXGroup;
			children = (
				60864FD62301B149009A3FE9 /* stock-predictor */,
				60864FFF2307C961009A3FE9 /* stock-predictor-test.xctest */,
			);
			name = Products;
			sourceTree = "<group>";
		};
		60864FD82301B149009A3FE9 /* stock-predictor */ = {
			isa = PBXGroup;
			children = (
				60864FE72303DA3A009A3FE9 /* Database */,
				60864FE02303D538009A3FE9 /* Analysis */,
				60864FE62303D57A009A3FE9 /* Data Types */,
				60864FD92301B149009A3FE9 /* main.swift */,
			);
			path = "stock-predictor";
			sourceTree = "<group>";
		};
		60864FE02303D538009A3FE9 /* Analysis */ = {
			isa = PBXGroup;
			children = (
				60864FEE23051C73009A3FE9 /* Detector.swift */,
				60864FE52303D564009A3FE9 /* General Trend */,
				60864FE42303D55F009A3FE9 /* Sentiment */,
				60864FE32303D54D009A3FE9 /* Anomaly Detection */,
				60864FE22303D547009A3FE9 /* Pattern Detection */,
				60864FE12303D541009A3FE9 /* Short Squeeze */,
			);
			path = Analysis;
			sourceTree = "<group>";
		};
		60864FE12303D541009A3FE9 /* Short Squeeze */ = {
			isa = PBXGroup;
			children = (
				60864FEB23051BF0009A3FE9 /* ShortSqueezeDetector.swift */,
			);
			path = "Short Squeeze";
			sourceTree = "<group>";
		};
		60864FE22303D547009A3FE9 /* Pattern Detection */ = {
			isa = PBXGroup;
			children = (
				60864FF023077DDD009A3FE9 /* PatternDetector.swift */,
			);
			path = "Pattern Detection";
			sourceTree = "<group>";
		};
		60864FE32303D54D009A3FE9 /* Anomaly Detection */ = {
			isa = PBXGroup;
			children = (
			);
			path = "Anomaly Detection";
			sourceTree = "<group>";
		};
		60864FE42303D55F009A3FE9 /* Sentiment */ = {
			isa = PBXGroup;
			children = (
			);
			path = Sentiment;
			sourceTree = "<group>";
		};
		60864FE52303D564009A3FE9 /* General Trend */ = {
			isa = PBXGroup;
			children = (
			);
			path = "General Trend";
			sourceTree = "<group>";
		};
		60864FE62303D57A009A3FE9 /* Data Types */ = {
			isa = PBXGroup;
			children = (
				602CAC1D2302201D00CC7236 /* Security.swift */,
			);
			path = "Data Types";
			sourceTree = "<group>";
		};
		60864FE72303DA3A009A3FE9 /* Database */ = {
			isa = PBXGroup;
			children = (
			);
			path = Database;
			sourceTree = "<group>";
		};
		608650002307C961009A3FE9 /* stock-predictor-test */ = {
			isa = PBXGroup;
			children = (
				60864FF92307C915009A3FE9 /* PatternDetector+Test.swift */,
				608650012307C961009A3FE9 /* stock_predictor_test.swift */,
				608650032307C961009A3FE9 /* Info.plist */,
			);
			path = "stock-predictor-test";
			sourceTree = "<group>";
		};
/* End PBXGroup section */

/* Begin PBXNativeTarget section */
		60864FD52301B149009A3FE9 /* stock-predictor */ = {
			isa = PBXNativeTarget;
			buildConfigurationList = 60864FDD2301B149009A3FE9 /* Build configuration list for PBXNativeTarget "stock-predictor" */;
			buildPhases = (
				60864FD22301B149009A3FE9 /* Sources */,
				60864FD32301B149009A3FE9 /* Frameworks */,
				60864FD42301B149009A3FE9 /* CopyFiles */,
			);
			buildRules = (
			);
			dependencies = (
			);
			name = "stock-predictor";
			packageProductDependencies = (
				60864FE9230451FF009A3FE9 /* SQLite */,
			);
			productName = "stock-predictor";
			productReference = 60864FD62301B149009A3FE9 /* stock-predictor */;
			productType = "com.apple.product-type.tool";
		};
		60864FFE2307C961009A3FE9 /* stock-predictor-test */ = {
			isa = PBXNativeTarget;
			buildConfigurationList = 608650042307C961009A3FE9 /* Build configuration list for PBXNativeTarget "stock-predictor-test" */;
			buildPhases = (
				60864FFB2307C961009A3FE9 /* Sources */,
				60864FFC2307C961009A3FE9 /* Frameworks */,
				60864FFD2307C961009A3FE9 /* Resources */,
			);
			buildRules = (
			);
			dependencies = (
			);
			name = "stock-predictor-test";
			productName = "stock-predictor-test";
			productReference = 60864FFF2307C961009A3FE9 /* stock-predictor-test.xctest */;
			productType = "com.apple.product-type.bundle.unit-test";
		};
/* End PBXNativeTarget section */

/* Begin PBXProject section */
		60864FCE2301B149009A3FE9 /* Project object */ = {
			isa = PBXProject;
			attributes = {
				LastSwiftUpdateCheck = 1100;
				LastUpgradeCheck = 1100;
				ORGANIZATIONNAME = "Ryan Elliott";
				TargetAttributes = {
					60864FD52301B149009A3FE9 = {
						CreatedOnToolsVersion = 11.0;
						LastSwiftMigration = 1100;
					};
					60864FFE2307C961009A3FE9 = {
						CreatedOnToolsVersion = 11.0;
					};
				};
			};
			buildConfigurationList = 60864FD12301B149009A3FE9 /* Build configuration list for PBXProject "stock-predictor" */;
			compatibilityVersion = "Xcode 9.3";
			developmentRegion = en;
			hasScannedForEncodings = 0;
			knownRegions = (
				en,
				Base,
			);
			mainGroup = 60864FCD2301B149009A3FE9;
			packageReferences = (
				60864FE8230451FF009A3FE9 /* XCRemoteSwiftPackageReference "SQLite.swift" */,
			);
			productRefGroup = 60864FD72301B149009A3FE9 /* Products */;
			projectDirPath = "";
			projectRoot = "";
			targets = (
				60864FD52301B149009A3FE9 /* stock-predictor */,
				60864FFE2307C961009A3FE9 /* stock-predictor-test */,
			);
		};
/* End PBXProject section */

/* Begin PBXResourcesBuildPhase section */
		60864FFD2307C961009A3FE9 /* Resources */ = {
			isa = PBXResourcesBuildPhase;
			buildActionMask = 2147483647;
			files = (
			);
			runOnlyForDeploymentPostprocessing = 0;
		};
/* End PBXResourcesBuildPhase section */

/* Begin PBXSourcesBuildPhase section */
		60864FD22301B149009A3FE9 /* Sources */ = {
			isa = PBXSourcesBuildPhase;
			buildActionMask = 2147483647;
			files = (
				60864FDA2301B149009A3FE9 /* main.swift in Sources */,
				602CAC1E2302201D00CC7236 /* Security.swift in Sources */,
				60864FF123077DDD009A3FE9 /* PatternDetector.swift in Sources */,
				60864FEC23051BF0009A3FE9 /* ShortSqueezeDetector.swift in Sources */,
				60864FEF23051C73009A3FE9 /* Detector.swift in Sources */,
			);
			runOnlyForDeploymentPostprocessing = 0;
		};
		60864FFB2307C961009A3FE9 /* Sources */ = {
			isa = PBXSourcesBuildPhase;
			buildActionMask = 2147483647;
			files = (
				608650072307C9A2009A3FE9 /* PatternDetector+Test.swift in Sources */,
				608650022307C961009A3FE9 /* stock_predictor_test.swift in Sources */,
			);
			runOnlyForDeploymentPostprocessing = 0;
		};
/* End PBXSourcesBuildPhase section */

/* Begin XCBuildConfiguration section */
		60864FDB2301B149009A3FE9 /* Debug */ = {
			isa = XCBuildConfiguration;
			buildSettings = {
				ALWAYS_SEARCH_USER_PATHS = NO;
				CLANG_ANALYZER_NONNULL = YES;
				CLANG_ANALYZER_NUMBER_OBJECT_CONVERSION = YES_AGGRESSIVE;
				CLANG_CXX_LANGUAGE_STANDARD = "gnu++14";
				CLANG_CXX_LIBRARY = "libc++";
				CLANG_ENABLE_MODULES = YES;
				CLANG_ENABLE_OBJC_ARC = YES;
				CLANG_ENABLE_OBJC_WEAK = YES;
				CLANG_WARN_BLOCK_CAPTURE_AUTORELEASING = YES;
				CLANG_WARN_BOOL_CONVERSION = YES;
				CLANG_WARN_COMMA = YES;
				CLANG_WARN_CONSTANT_CONVERSION = YES;
				CLANG_WARN_DEPRECATED_OBJC_IMPLEMENTATIONS = YES;
				CLANG_WARN_DIRECT_OBJC_ISA_USAGE = YES_ERROR;
				CLANG_WARN_DOCUMENTATION_COMMENTS = YES;
				CLANG_WARN_EMPTY_BODY = YES;
				CLANG_WARN_ENUM_CONVERSION = YES;
				CLANG_WARN_INFINITE_RECURSION = YES;
				CLANG_WARN_INT_CONVERSION = YES;
				CLANG_WARN_NON_LITERAL_NULL_CONVERSION = YES;
				CLANG_WARN_OBJC_IMPLICIT_RETAIN_SELF = YES;
				CLANG_WARN_OBJC_LITERAL_CONVERSION = YES;
				CLANG_WARN_OBJC_ROOT_CLASS = YES_ERROR;
				CLANG_WARN_RANGE_LOOP_ANALYSIS = YES;
				CLANG_WARN_STRICT_PROTOTYPES = YES;
				CLANG_WARN_SUSPICIOUS_MOVE = YES;
				CLANG_WARN_UNGUARDED_AVAILABILITY = YES_AGGRESSIVE;
				CLANG_WARN_UNREACHABLE_CODE = YES;
				CLANG_WARN__DUPLICATE_METHOD_MATCH = YES;
				COPY_PHASE_STRIP = NO;
				DEBUG_INFORMATION_FORMAT = dwarf;
				ENABLE_STRICT_OBJC_MSGSEND = YES;
				ENABLE_TESTABILITY = YES;
				GCC_C_LANGUAGE_STANDARD = gnu11;
				GCC_DYNAMIC_NO_PIC = NO;
				GCC_NO_COMMON_BLOCKS = YES;
				GCC_OPTIMIZATION_LEVEL = 0;
				GCC_PREPROCESSOR_DEFINITIONS = (
					"DEBUG=1",
					"$(inherited)",
				);
				GCC_WARN_64_TO_32_BIT_CONVERSION = YES;
				GCC_WARN_ABOUT_RETURN_TYPE = YES_ERROR;
				GCC_WARN_UNDECLARED_SELECTOR = YES;
				GCC_WARN_UNINITIALIZED_AUTOS = YES_AGGRESSIVE;
				GCC_WARN_UNUSED_FUNCTION = YES;
				GCC_WARN_UNUSED_VARIABLE = YES;
				MACOSX_DEPLOYMENT_TARGET = 10.14;
				MTL_ENABLE_DEBUG_INFO = INCLUDE_SOURCE;
				MTL_FAST_MATH = YES;
				ONLY_ACTIVE_ARCH = YES;
				SDKROOT = macosx;
				SWIFT_ACTIVE_COMPILATION_CONDITIONS = DEBUG;
				SWIFT_OPTIMIZATION_LEVEL = "-Onone";
			};
			name = Debug;
		};
		60864FDC2301B149009A3FE9 /* Release */ = {
			isa = XCBuildConfiguration;
			buildSettings = {
				ALWAYS_SEARCH_USER_PATHS = NO;
				CLANG_ANALYZER_NONNULL = YES;
				CLANG_ANALYZER_NUMBER_OBJECT_CONVERSION = YES_AGGRESSIVE;
				CLANG_CXX_LANGUAGE_STANDARD = "gnu++14";
				CLANG_CXX_LIBRARY = "libc++";
				CLANG_ENABLE_MODULES = YES;
				CLANG_ENABLE_OBJC_ARC = YES;
				CLANG_ENABLE_OBJC_WEAK = YES;
				CLANG_WARN_BLOCK_CAPTURE_AUTORELEASING = YES;
				CLANG_WARN_BOOL_CONVERSION = YES;
				CLANG_WARN_COMMA = YES;
				CLANG_WARN_CONSTANT_CONVERSION = YES;
				CLANG_WARN_DEPRECATED_OBJC_IMPLEMENTATIONS = YES;
				CLANG_WARN_DIRECT_OBJC_ISA_USAGE = YES_ERROR;
				CLANG_WARN_DOCUMENTATION_COMMENTS = YES;
				CLANG_WARN_EMPTY_BODY = YES;
				CLANG_WARN_ENUM_CONVERSION = YES;
				CLANG_WARN_INFINITE_RECURSION = YES;
				CLANG_WARN_INT_CONVERSION = YES;
				CLANG_WARN_NON_LITERAL_NULL_CONVERSION = YES;
				CLANG_WARN_OBJC_IMPLICIT_RETAIN_SELF = YES;
				CLANG_WARN_OBJC_LITERAL_CONVERSION = YES;
				CLANG_WARN_OBJC_ROOT_CLASS = YES_ERROR;
				CLANG_WARN_RANGE_LOOP_ANALYSIS = YES;
				CLANG_WARN_STRICT_PROTOTYPES = YES;
				CLANG_WARN_SUSPICIOUS_MOVE = YES;
				CLANG_WARN_UNGUARDED_AVAILABILITY = YES_AGGRESSIVE;
				CLANG_WARN_UNREACHABLE_CODE = YES;
				CLANG_WARN__DUPLICATE_METHOD_MATCH = YES;
				COPY_PHASE_STRIP = NO;
				DEBUG_INFORMATION_FORMAT = "dwarf-with-dsym";
				ENABLE_NS_ASSERTIONS = NO;
				ENABLE_STRICT_OBJC_MSGSEND = YES;
				GCC_C_LANGUAGE_STANDARD = gnu11;
				GCC_NO_COMMON_BLOCKS = YES;
				GCC_WARN_64_TO_32_BIT_CONVERSION = YES;
				GCC_WARN_ABOUT_RETURN_TYPE = YES_ERROR;
				GCC_WARN_UNDECLARED_SELECTOR = YES;
				GCC_WARN_UNINITIALIZED_AUTOS = YES_AGGRESSIVE;
				GCC_WARN_UNUSED_FUNCTION = YES;
				GCC_WARN_UNUSED_VARIABLE = YES;
				MACOSX_DEPLOYMENT_TARGET = 10.14;
				MTL_ENABLE_DEBUG_INFO = NO;
				MTL_FAST_MATH = YES;
				SDKROOT = macosx;
				SWIFT_COMPILATION_MODE = wholemodule;
				SWIFT_OPTIMIZATION_LEVEL = "-O";
			};
			name = Release;
		};
		60864FDE2301B149009A3FE9 /* Debug */ = {
			isa = XCBuildConfiguration;
			buildSettings = {
				CLANG_ENABLE_MODULES = YES;
				CODE_SIGN_STYLE = Automatic;
				DEVELOPMENT_TEAM = 7C6T4SXM4J;
				ENABLE_HARDENED_RUNTIME = YES;
				LD_RUNPATH_SEARCH_PATHS = (
					"$(inherited)",
					"@executable_path/../Frameworks",
					"@loader_path/../Frameworks",
				);
				PRODUCT_NAME = "$(TARGET_NAME)";
				SWIFT_OPTIMIZATION_LEVEL = "-Onone";
				SWIFT_VERSION = 5.0;
			};
			name = Debug;
		};
		60864FDF2301B149009A3FE9 /* Release */ = {
			isa = XCBuildConfiguration;
			buildSettings = {
				CLANG_ENABLE_MODULES = YES;
				CODE_SIGN_STYLE = Automatic;
				DEVELOPMENT_TEAM = 7C6T4SXM4J;
				ENABLE_HARDENED_RUNTIME = YES;
				LD_RUNPATH_SEARCH_PATHS = (
					"$(inherited)",
					"@executable_path/../Frameworks",
					"@loader_path/../Frameworks",
				);
				PRODUCT_NAME = "$(TARGET_NAME)";
				SWIFT_VERSION = 5.0;
			};
			name = Release;
		};
		608650052307C961009A3FE9 /* Debug */ = {
			isa = XCBuildConfiguration;
			buildSettings = {
				CODE_SIGN_STYLE = Automatic;
				DEVELOPMENT_TEAM = 7C6T4SXM4J;
				INFOPLIST_FILE = "stock-predictor-test/Info.plist";
				LD_RUNPATH_SEARCH_PATHS = (
					"$(inherited)",
					"@executable_path/Frameworks",
					"@loader_path/Frameworks",
				);
				PRODUCT_BUNDLE_IDENTIFIER = "com.ryanelliott.stock-predictor-test";
				PRODUCT_NAME = "$(TARGET_NAME)";
				SDKROOT = appletvos;
				SWIFT_VERSION = 5.0;
				TARGETED_DEVICE_FAMILY = 3;
				TVOS_DEPLOYMENT_TARGET = 13.0;
			};
			name = Debug;
		};
		608650062307C961009A3FE9 /* Release */ = {
			isa = XCBuildConfiguration;
			buildSettings = {
				CODE_SIGN_STYLE = Automatic;
				DEVELOPMENT_TEAM = 7C6T4SXM4J;
				INFOPLIST_FILE = "stock-predictor-test/Info.plist";
				LD_RUNPATH_SEARCH_PATHS = (
					"$(inherited)",
					"@executable_path/Frameworks",
					"@loader_path/Frameworks",
				);
				PRODUCT_BUNDLE_IDENTIFIER = "com.ryanelliott.stock-predictor-test";
				PRODUCT_NAME = "$(TARGET_NAME)";
				SDKROOT = appletvos;
				SWIFT_VERSION = 5.0;
				TARGETED_DEVICE_FAMILY = 3;
				TVOS_DEPLOYMENT_TARGET = 13.0;
				VALIDATE_PRODUCT = YES;
			};
			name = Release;
		};
/* End XCBuildConfiguration section */

/* Begin XCConfigurationList section */
		60864FD12301B149009A3FE9 /* Build configuration list for PBXProject "stock-predictor" */ = {
			isa = XCConfigurationList;
			buildConfigurations = (
				60864FDB2301B149009A3FE9 /* Debug */,
				60864FDC2301B149009A3FE9 /* Release */,
			);
			defaultConfigurationIsVisible = 0;
			defaultConfigurationName = Release;
		};
		60864FDD2301B149009A3FE9 /* Build configuration list for PBXNativeTarget "stock-predictor" */ = {
			isa = XCConfigurationList;
			buildConfigurations = (
				60864FDE2301B149009A3FE9 /* Debug */,
				60864FDF2301B149009A3FE9 /* Release */,
			);
			defaultConfigurationIsVisible = 0;
			defaultConfigurationName = Release;
		};
		608650042307C961009A3FE9 /* Build configuration list for PBXNativeTarget "stock-predictor-test" */ = {
			isa = XCConfigurationList;
			buildConfigurations = (
				608650052307C961009A3FE9 /* Debug */,
				608650062307C961009A3FE9 /* Release */,
			);
			defaultConfigurationIsVisible = 0;
			defaultConfigurationName = Release;
		};
/* End XCConfigurationList section */

/* Begin XCRemoteSwiftPackageReference section */
		60864FE8230451FF009A3FE9 /* XCRemoteSwiftPackageReference "SQLite.swift" */ = {
			isa = XCRemoteSwiftPackageReference;
			repositoryURL = "https://github.com/stephencelis/SQLite.swift.git";
			requirement = {
				kind = upToNextMajorVersion;
				minimumVersion = 0.12.2;
			};
		};
/* End XCRemoteSwiftPackageReference section */

/* Begin XCSwiftPackageProductDependency section */
		60864FE9230451FF009A3FE9 /* SQLite */ = {
			isa = XCSwiftPackageProductDependency;
			package = 60864FE8230451FF009A3FE9 /* XCRemoteSwiftPackageReference "SQLite.swift" */;
			productName = SQLite;
		};
/* End XCSwiftPackageProductDependency section */
	};
	rootObject = 60864FCE2301B149009A3FE9 /* Project object */;
}
